
Microsoft Visual Studio Solution File, Format Version 12.00
# Visual Studio Version 16
VisualStudioVersion = 16.0.29911.84
MinimumVisualStudioVersion = 10.0.40219.1
Project("{9A19103F-16F7-4668-BE54-9A1E7A4F7556}") = "COPRefactoring", "COPStarter\COPRefactoring.csproj", "{84817DCD-378C-42DA-8CE6-3E5CBFEF9942}"
EndProject
Project("{9A19103F-16F7-4668-BE54-9A1E7A4F7556}") = "XUnitTestProject1", "XUnitTestProject1\XUnitTestProject1.csproj", "{5B222294-D386-4EFD-B510-14743AA9B334}"
	ProjectSection(ProjectDependencies) = postProject
		{84817DCD-378C-42DA-8CE6-3E5CBFEF9942} = {84817DCD-378C-42DA-8CE6-3E5CBFEF9942}
	EndProjectSection
EndProject
Global
	GlobalSection(SolutionConfigurationPlatforms) = preSolution
		Debug|Any CPU = Debug|Any CPU
		Release|Any CPU = Release|Any CPU
	EndGlobalSection
	GlobalSection(ProjectConfigurationPlatforms) = postSolution
		{84817DCD-378C-42DA-8CE6-3E5CBFEF9942}.Debug|Any CPU.ActiveCfg = Debug|Any CPU
		{84817DCD-378C-42DA-8CE6-3E5CBFEF9942}.Debug|Any CPU.Build.0 = Debug|Any CPU
		{84817DCD-378C-42DA-8CE6-3E5CBFEF9942}.Release|Any CPU.ActiveCfg = Release|Any CPU
		{84817DCD-378C-42DA-8CE6-3E5CBFEF9942}.Release|Any CPU.Build.0 = Release|Any CPU
		{5B222294-D386-4EFD-B510-14743AA9B334}.Debug|Any CPU.ActiveCfg = Debug|Any CPU
		{5B222294-D386-4EFD-B510-14743AA9B334}.Debug|Any CPU.Build.0 = Debug|Any CPU
		{5B222294-D386-4EFD-B510-14743AA9B334}.Release|Any CPU.ActiveCfg = Release|Any CPU
		{5B222294-D386-4EFD-B510-14743AA9B334}.Release|Any CPU.Build.0 = Release|Any CPU
	EndGlobalSection
	GlobalSection(SolutionProperties) = preSolution
		HideSolutionNode = FALSE
	EndGlobalSection
	GlobalSection(ExtensibilityGlobals) = postSolution
		SolutionGuid = {91A20EAC-CFAA-4068-AD7C-13E90845EAAC}
	EndGlobalSection
EndGlobal
